// !$*UTF8*$!
{
	archiveVersion = 1;
	classes = {
	};
	objectVersion = 50;
	objects = {

/* Begin PBXBuildFile section */
		493FF13722B2EBC600B33EDC /* main.cpp in Sources */ = {isa = PBXBuildFile; fileRef = 493FF13622B2EBC600B33EDC /* main.cpp */; };
		493FF14A22B2EBF600B33EDC /* block.cpp in Sources */ = {isa = PBXBuildFile; fileRef = 493FF13F22B2EBF500B33EDC /* block.cpp */; };
		493FF14B22B2EBF600B33EDC /* transaction.cpp in Sources */ = {isa = PBXBuildFile; fileRef = 493FF14022B2EBF500B33EDC /* transaction.cpp */; };
		493FF14C22B2EBF600B33EDC /* transaction_device.cpp in Sources */ = {isa = PBXBuildFile; fileRef = 493FF14122B2EBF500B33EDC /* transaction_device.cpp */; };
		493FF14D22B2EBF600B33EDC /* transaction_policy_amendment.cpp in Sources */ = {isa = PBXBuildFile; fileRef = 493FF14222B2EBF500B33EDC /* transaction_policy_amendment.cpp */; };
		493FF14E22B2EBF600B33EDC /* policy_manager.cpp in Sources */ = {isa = PBXBuildFile; fileRef = 493FF14422B2EBF500B33EDC /* policy_manager.cpp */; };
		493FF14F22B2EBF600B33EDC /* transaction_admin_transfer.cpp in Sources */ = {isa = PBXBuildFile; fileRef = 493FF14622B2EBF500B33EDC /* transaction_admin_transfer.cpp */; };
		493FF15322B2EC0000B33EDC /* log.cpp in Sources */ = {isa = PBXBuildFile; fileRef = 493FF15122B2EC0000B33EDC /* log.cpp */; };
		493FF15622B2EC1500B33EDC /* blockchain.cpp in Sources */ = {isa = PBXBuildFile; fileRef = 493FF15422B2EC1500B33EDC /* blockchain.cpp */; };
		493FF15A22B2F2BC00B33EDC /* device.cpp in Sources */ = {isa = PBXBuildFile; fileRef = 493FF15822B2F2BC00B33EDC /* device.cpp */; };
		493FF15D22B2F62700B33EDC /* mock_network.cpp in Sources */ = {isa = PBXBuildFile; fileRef = 493FF15B22B2F62700B33EDC /* mock_network.cpp */; };
		49C56E5122B41CA80056ADE1 /* device_participant.cpp in Sources */ = {isa = PBXBuildFile; fileRef = 49C56E4F22B41CA80056ADE1 /* device_participant.cpp */; };
		49DA130522B5917300CAB836 /* device_cluster.cpp in Sources */ = {isa = PBXBuildFile; fileRef = 49DA130322B5917300CAB836 /* device_cluster.cpp */; };
/* End PBXBuildFile section */

/* Begin PBXCopyFilesBuildPhase section */
		493FF13122B2EBC600B33EDC /* CopyFiles */ = {
			isa = PBXCopyFilesBuildPhase;
			buildActionMask = 2147483647;
			dstPath = /usr/share/man/man1/;
			dstSubfolderSpec = 0;
			files = (
			);
			runOnlyForDeploymentPostprocessing = 1;
		};
/* End PBXCopyFilesBuildPhase section */

/* Begin PBXFileReference section */
		493FF13322B2EBC600B33EDC /* iot-blockchain */ = {isa = PBXFileReference; explicitFileType = "compiled.mach-o.executable"; includeInIndex = 0; path = "iot-blockchain"; sourceTree = BUILT_PRODUCTS_DIR; };
		493FF13622B2EBC600B33EDC /* main.cpp */ = {isa = PBXFileReference; lastKnownFileType = sourcecode.cpp.cpp; path = main.cpp; sourceTree = "<group>"; };
		493FF13D22B2EBF500B33EDC /* transaction.hpp */ = {isa = PBXFileReference; fileEncoding = 4; lastKnownFileType = sourcecode.cpp.h; path = transaction.hpp; sourceTree = "<group>"; };
		493FF13E22B2EBF500B33EDC /* transaction_admin_transfer.hpp */ = {isa = PBXFileReference; fileEncoding = 4; lastKnownFileType = sourcecode.cpp.h; path = transaction_admin_transfer.hpp; sourceTree = "<group>"; };
		493FF13F22B2EBF500B33EDC /* block.cpp */ = {isa = PBXFileReference; fileEncoding = 4; lastKnownFileType = sourcecode.cpp.cpp; path = block.cpp; sourceTree = "<group>"; };
		493FF14022B2EBF500B33EDC /* transaction.cpp */ = {isa = PBXFileReference; fileEncoding = 4; lastKnownFileType = sourcecode.cpp.cpp; path = transaction.cpp; sourceTree = "<group>"; };
		493FF14122B2EBF500B33EDC /* transaction_device.cpp */ = {isa = PBXFileReference; fileEncoding = 4; lastKnownFileType = sourcecode.cpp.cpp; path = transaction_device.cpp; sourceTree = "<group>"; };
		493FF14222B2EBF500B33EDC /* transaction_policy_amendment.cpp */ = {isa = PBXFileReference; fileEncoding = 4; lastKnownFileType = sourcecode.cpp.cpp; path = transaction_policy_amendment.cpp; sourceTree = "<group>"; };
		493FF14322B2EBF500B33EDC /* transaction_policy_amendment.hpp */ = {isa = PBXFileReference; fileEncoding = 4; lastKnownFileType = sourcecode.cpp.h; path = transaction_policy_amendment.hpp; sourceTree = "<group>"; };
		493FF14422B2EBF500B33EDC /* policy_manager.cpp */ = {isa = PBXFileReference; fileEncoding = 4; lastKnownFileType = sourcecode.cpp.cpp; path = policy_manager.cpp; sourceTree = "<group>"; };
		493FF14522B2EBF500B33EDC /* policy_manager.hpp */ = {isa = PBXFileReference; fileEncoding = 4; lastKnownFileType = sourcecode.cpp.h; path = policy_manager.hpp; sourceTree = "<group>"; };
		493FF14622B2EBF500B33EDC /* transaction_admin_transfer.cpp */ = {isa = PBXFileReference; fileEncoding = 4; lastKnownFileType = sourcecode.cpp.cpp; path = transaction_admin_transfer.cpp; sourceTree = "<group>"; };
		493FF14722B2EBF500B33EDC /* picosha2.hpp */ = {isa = PBXFileReference; fileEncoding = 4; lastKnownFileType = sourcecode.cpp.h; path = picosha2.hpp; sourceTree = "<group>"; };
		493FF14822B2EBF500B33EDC /* transaction_device.hpp */ = {isa = PBXFileReference; fileEncoding = 4; lastKnownFileType = sourcecode.cpp.h; path = transaction_device.hpp; sourceTree = "<group>"; };
		493FF14922B2EBF500B33EDC /* block.hpp */ = {isa = PBXFileReference; fileEncoding = 4; lastKnownFileType = sourcecode.cpp.h; path = block.hpp; sourceTree = "<group>"; };
		493FF15022B2EC0000B33EDC /* log.hpp */ = {isa = PBXFileReference; fileEncoding = 4; lastKnownFileType = sourcecode.cpp.h; path = log.hpp; sourceTree = "<group>"; };
		493FF15122B2EC0000B33EDC /* log.cpp */ = {isa = PBXFileReference; fileEncoding = 4; lastKnownFileType = sourcecode.cpp.cpp; path = log.cpp; sourceTree = "<group>"; };
		493FF15222B2EC0000B33EDC /* json.hpp */ = {isa = PBXFileReference; fileEncoding = 4; lastKnownFileType = sourcecode.cpp.h; path = json.hpp; sourceTree = "<group>"; };
		493FF15422B2EC1500B33EDC /* blockchain.cpp */ = {isa = PBXFileReference; lastKnownFileType = sourcecode.cpp.cpp; path = blockchain.cpp; sourceTree = "<group>"; };
		493FF15522B2EC1500B33EDC /* blockchain.hpp */ = {isa = PBXFileReference; lastKnownFileType = sourcecode.cpp.h; path = blockchain.hpp; sourceTree = "<group>"; };
		493FF15722B2EC6000B33EDC /* local_configuration.hpp */ = {isa = PBXFileReference; lastKnownFileType = sourcecode.cpp.h; path = local_configuration.hpp; sourceTree = "<group>"; };
		493FF15822B2F2BC00B33EDC /* device.cpp */ = {isa = PBXFileReference; fileEncoding = 4; lastKnownFileType = sourcecode.cpp.cpp; path = device.cpp; sourceTree = "<group>"; };
		493FF15922B2F2BC00B33EDC /* device.hpp */ = {isa = PBXFileReference; fileEncoding = 4; lastKnownFileType = sourcecode.cpp.h; path = device.hpp; sourceTree = "<group>"; };
		493FF15B22B2F62700B33EDC /* mock_network.cpp */ = {isa = PBXFileReference; lastKnownFileType = sourcecode.cpp.cpp; path = mock_network.cpp; sourceTree = "<group>"; };
		493FF15C22B2F62700B33EDC /* mock_network.hpp */ = {isa = PBXFileReference; lastKnownFileType = sourcecode.cpp.h; path = mock_network.hpp; sourceTree = "<group>"; };
		49C56E4F22B41CA80056ADE1 /* device_participant.cpp */ = {isa = PBXFileReference; lastKnownFileType = sourcecode.cpp.cpp; path = device_participant.cpp; sourceTree = "<group>"; };
		49C56E5022B41CA80056ADE1 /* device_participant.hpp */ = {isa = PBXFileReference; lastKnownFileType = sourcecode.cpp.h; path = device_participant.hpp; sourceTree = "<group>"; };
		49DA130322B5917300CAB836 /* device_cluster.cpp */ = {isa = PBXFileReference; lastKnownFileType = sourcecode.cpp.cpp; path = device_cluster.cpp; sourceTree = "<group>"; };
		49DA130422B5917300CAB836 /* device_cluster.hpp */ = {isa = PBXFileReference; lastKnownFileType = sourcecode.cpp.h; path = device_cluster.hpp; sourceTree = "<group>"; };
/* End PBXFileReference section */

/* Begin PBXFrameworksBuildPhase section */
		493FF13022B2EBC600B33EDC /* Frameworks */ = {
			isa = PBXFrameworksBuildPhase;
			buildActionMask = 2147483647;
			files = (
			);
			runOnlyForDeploymentPostprocessing = 0;
		};
/* End PBXFrameworksBuildPhase section */

/* Begin PBXGroup section */
		493FF12A22B2EBC600B33EDC = {
			isa = PBXGroup;
			children = (
				493FF13522B2EBC600B33EDC /* iot-blockchain */,
				493FF13422B2EBC600B33EDC /* Products */,
			);
			sourceTree = "<group>";
		};
		493FF13422B2EBC600B33EDC /* Products */ = {
			isa = PBXGroup;
			children = (
				493FF13322B2EBC600B33EDC /* iot-blockchain */,
			);
			name = Products;
			sourceTree = "<group>";
		};
		493FF13522B2EBC600B33EDC /* iot-blockchain */ = {
			isa = PBXGroup;
			children = (
				499C740C22B98EFD0013F0C6 /* lib */,
				499C740B22B98EEA0013F0C6 /* sim */,
				499C740A22B98ECB0013F0C6 /* core */,
				493FF13622B2EBC600B33EDC /* main.cpp */,
			);
			path = "iot-blockchain";
			sourceTree = "<group>";
		};
		499C740A22B98ECB0013F0C6 /* core */ = {
			isa = PBXGroup;
			children = (
				493FF13F22B2EBF500B33EDC /* block.cpp */,
				493FF14922B2EBF500B33EDC /* block.hpp */,
				493FF15722B2EC6000B33EDC /* local_configuration.hpp */,
				493FF15422B2EC1500B33EDC /* blockchain.cpp */,
				493FF15522B2EC1500B33EDC /* blockchain.hpp */,
				493FF14422B2EBF500B33EDC /* policy_manager.cpp */,
				493FF14522B2EBF500B33EDC /* policy_manager.hpp */,
				493FF14622B2EBF500B33EDC /* transaction_admin_transfer.cpp */,
				493FF13E22B2EBF500B33EDC /* transaction_admin_transfer.hpp */,
				493FF14122B2EBF500B33EDC /* transaction_device.cpp */,
				493FF14822B2EBF500B33EDC /* transaction_device.hpp */,
				493FF14222B2EBF500B33EDC /* transaction_policy_amendment.cpp */,
				493FF14322B2EBF500B33EDC /* transaction_policy_amendment.hpp */,
				493FF14022B2EBF500B33EDC /* transaction.cpp */,
				493FF13D22B2EBF500B33EDC /* transaction.hpp */,
			);
			path = core;
			sourceTree = "<group>";
		};
		499C740B22B98EEA0013F0C6 /* sim */ = {
			isa = PBXGroup;
			children = (
				49DA130322B5917300CAB836 /* device_cluster.cpp */,
				49DA130422B5917300CAB836 /* device_cluster.hpp */,
				49C56E4F22B41CA80056ADE1 /* device_participant.cpp */,
				49C56E5022B41CA80056ADE1 /* device_participant.hpp */,
				493FF15822B2F2BC00B33EDC /* device.cpp */,
				493FF15922B2F2BC00B33EDC /* device.hpp */,
				493FF15122B2EC0000B33EDC /* log.cpp */,
				493FF15022B2EC0000B33EDC /* log.hpp */,
				493FF15B22B2F62700B33EDC /* mock_network.cpp */,
				493FF15C22B2F62700B33EDC /* mock_network.hpp */,
			);
			path = sim;
			sourceTree = "<group>";
		};
		499C740C22B98EFD0013F0C6 /* lib */ = {
			isa = PBXGroup;
			children = (
				493FF15222B2EC0000B33EDC /* json.hpp */,
				493FF14722B2EBF500B33EDC /* picosha2.hpp */,
			);
			path = lib;
			sourceTree = "<group>";
		};
/* End PBXGroup section */

/* Begin PBXNativeTarget section */
		493FF13222B2EBC600B33EDC /* iot-blockchain */ = {
			isa = PBXNativeTarget;
			buildConfigurationList = 493FF13A22B2EBC600B33EDC /* Build configuration list for PBXNativeTarget "iot-blockchain" */;
			buildPhases = (
				493FF12F22B2EBC600B33EDC /* Sources */,
				493FF13022B2EBC600B33EDC /* Frameworks */,
				493FF13122B2EBC600B33EDC /* CopyFiles */,
			);
			buildRules = (
			);
			dependencies = (
			);
			name = "iot-blockchain";
			productName = "iot-blockchain";
			productReference = 493FF13322B2EBC600B33EDC /* iot-blockchain */;
			productType = "com.apple.product-type.tool";
		};
/* End PBXNativeTarget section */

/* Begin PBXProject section */
		493FF12B22B2EBC600B33EDC /* Project object */ = {
			isa = PBXProject;
			attributes = {
				LastUpgradeCheck = 1000;
				ORGANIZATIONNAME = aco;
				TargetAttributes = {
					493FF13222B2EBC600B33EDC = {
						CreatedOnToolsVersion = 10.0;
					};
				};
			};
			buildConfigurationList = 493FF12E22B2EBC600B33EDC /* Build configuration list for PBXProject "iot-blockchain" */;
			compatibilityVersion = "Xcode 9.3";
			developmentRegion = en;
			hasScannedForEncodings = 0;
			knownRegions = (
				en,
			);
			mainGroup = 493FF12A22B2EBC600B33EDC;
			productRefGroup = 493FF13422B2EBC600B33EDC /* Products */;
			projectDirPath = "";
			projectRoot = "";
			targets = (
				493FF13222B2EBC600B33EDC /* iot-blockchain */,
			);
		};
/* End PBXProject section */

/* Begin PBXSourcesBuildPhase section */
		493FF12F22B2EBC600B33EDC /* Sources */ = {
			isa = PBXSourcesBuildPhase;
			buildActionMask = 2147483647;
			files = (
				493FF14C22B2EBF600B33EDC /* transaction_device.cpp in Sources */,
				493FF14E22B2EBF600B33EDC /* policy_manager.cpp in Sources */,
				493FF15622B2EC1500B33EDC /* blockchain.cpp in Sources */,
				493FF15322B2EC0000B33EDC /* log.cpp in Sources */,
				493FF14B22B2EBF600B33EDC /* transaction.cpp in Sources */,
				493FF14F22B2EBF600B33EDC /* transaction_admin_transfer.cpp in Sources */,
				493FF13722B2EBC600B33EDC /* main.cpp in Sources */,
				493FF15D22B2F62700B33EDC /* mock_network.cpp in Sources */,
				493FF15A22B2F2BC00B33EDC /* device.cpp in Sources */,
				49C56E5122B41CA80056ADE1 /* device_participant.cpp in Sources */,
				49DA130522B5917300CAB836 /* device_cluster.cpp in Sources */,
				493FF14A22B2EBF600B33EDC /* block.cpp in Sources */,
				493FF14D22B2EBF600B33EDC /* transaction_policy_amendment.cpp in Sources */,
			);
			runOnlyForDeploymentPostprocessing = 0;
		};
/* End PBXSourcesBuildPhase section */

/* Begin XCBuildConfiguration section */
		493FF13822B2EBC600B33EDC /* Debug */ = {
			isa = XCBuildConfiguration;
			buildSettings = {
				ALWAYS_SEARCH_USER_PATHS = NO;
				CLANG_ANALYZER_NONNULL = YES;
				CLANG_ANALYZER_NUMBER_OBJECT_CONVERSION = YES_AGGRESSIVE;
				CLANG_CXX_LANGUAGE_STANDARD = "c++17";
				CLANG_CXX_LIBRARY = "libc++";
				CLANG_ENABLE_MODULES = YES;
				CLANG_ENABLE_OBJC_ARC = YES;
				CLANG_ENABLE_OBJC_WEAK = YES;
				CLANG_WARN_BLOCK_CAPTURE_AUTORELEASING = YES;
				CLANG_WARN_BOOL_CONVERSION = YES;
				CLANG_WARN_COMMA = YES;
				CLANG_WARN_CONSTANT_CONVERSION = YES;
				CLANG_WARN_DEPRECATED_OBJC_IMPLEMENTATIONS = YES;
				CLANG_WARN_DIRECT_OBJC_ISA_USAGE = YES_ERROR;
				CLANG_WARN_DOCUMENTATION_COMMENTS = YES;
				CLANG_WARN_EMPTY_BODY = YES;
				CLANG_WARN_ENUM_CONVERSION = YES;
				CLANG_WARN_INFINITE_RECURSION = YES;
				CLANG_WARN_INT_CONVERSION = YES;
				CLANG_WARN_NON_LITERAL_NULL_CONVERSION = YES;
				CLANG_WARN_OBJC_IMPLICIT_RETAIN_SELF = YES;
				CLANG_WARN_OBJC_LITERAL_CONVERSION = YES;
				CLANG_WARN_OBJC_ROOT_CLASS = YES_ERROR;
				CLANG_WARN_RANGE_LOOP_ANALYSIS = YES;
				CLANG_WARN_STRICT_PROTOTYPES = YES;
				CLANG_WARN_SUSPICIOUS_MOVE = YES;
				CLANG_WARN_UNGUARDED_AVAILABILITY = YES_AGGRESSIVE;
				CLANG_WARN_UNREACHABLE_CODE = YES;
				CLANG_WARN__DUPLICATE_METHOD_MATCH = YES;
				CODE_SIGN_IDENTITY = "-";
				COPY_PHASE_STRIP = NO;
				DEBUG_INFORMATION_FORMAT = dwarf;
				ENABLE_STRICT_OBJC_MSGSEND = YES;
				ENABLE_TESTABILITY = YES;
				GCC_C_LANGUAGE_STANDARD = gnu11;
				GCC_DYNAMIC_NO_PIC = NO;
				GCC_NO_COMMON_BLOCKS = YES;
				GCC_OPTIMIZATION_LEVEL = 0;
				GCC_PREPROCESSOR_DEFINITIONS = (
					"DEBUG=1",
					"$(inherited)",
				);
				GCC_WARN_64_TO_32_BIT_CONVERSION = YES;
				GCC_WARN_ABOUT_RETURN_TYPE = YES_ERROR;
				GCC_WARN_UNDECLARED_SELECTOR = YES;
				GCC_WARN_UNINITIALIZED_AUTOS = YES_AGGRESSIVE;
				GCC_WARN_UNUSED_FUNCTION = YES;
				GCC_WARN_UNUSED_VARIABLE = YES;
				MACOSX_DEPLOYMENT_TARGET = 10.13;
				MTL_ENABLE_DEBUG_INFO = INCLUDE_SOURCE;
				MTL_FAST_MATH = YES;
				ONLY_ACTIVE_ARCH = YES;
				SDKROOT = macosx;
			};
			name = Debug;
		};
		493FF13922B2EBC600B33EDC /* Release */ = {
			isa = XCBuildConfiguration;
			buildSettings = {
				ALWAYS_SEARCH_USER_PATHS = NO;
				CLANG_ANALYZER_NONNULL = YES;
				CLANG_ANALYZER_NUMBER_OBJECT_CONVERSION = YES_AGGRESSIVE;
				CLANG_CXX_LANGUAGE_STANDARD = "c++17";
				CLANG_CXX_LIBRARY = "libc++";
				CLANG_ENABLE_MODULES = YES;
				CLANG_ENABLE_OBJC_ARC = YES;
				CLANG_ENABLE_OBJC_WEAK = YES;
				CLANG_WARN_BLOCK_CAPTURE_AUTORELEASING = YES;
				CLANG_WARN_BOOL_CONVERSION = YES;
				CLANG_WARN_COMMA = YES;
				CLANG_WARN_CONSTANT_CONVERSION = YES;
				CLANG_WARN_DEPRECATED_OBJC_IMPLEMENTATIONS = YES;
				CLANG_WARN_DIRECT_OBJC_ISA_USAGE = YES_ERROR;
				CLANG_WARN_DOCUMENTATION_COMMENTS = YES;
				CLANG_WARN_EMPTY_BODY = YES;
				CLANG_WARN_ENUM_CONVERSION = YES;
				CLANG_WARN_INFINITE_RECURSION = YES;
				CLANG_WARN_INT_CONVERSION = YES;
				CLANG_WARN_NON_LITERAL_NULL_CONVERSION = YES;
				CLANG_WARN_OBJC_IMPLICIT_RETAIN_SELF = YES;
				CLANG_WARN_OBJC_LITERAL_CONVERSION = YES;
				CLANG_WARN_OBJC_ROOT_CLASS = YES_ERROR;
				CLANG_WARN_RANGE_LOOP_ANALYSIS = YES;
				CLANG_WARN_STRICT_PROTOTYPES = YES;
				CLANG_WARN_SUSPICIOUS_MOVE = YES;
				CLANG_WARN_UNGUARDED_AVAILABILITY = YES_AGGRESSIVE;
				CLANG_WARN_UNREACHABLE_CODE = YES;
				CLANG_WARN__DUPLICATE_METHOD_MATCH = YES;
				CODE_SIGN_IDENTITY = "-";
				COPY_PHASE_STRIP = NO;
				DEBUG_INFORMATION_FORMAT = "dwarf-with-dsym";
				ENABLE_NS_ASSERTIONS = NO;
				ENABLE_STRICT_OBJC_MSGSEND = YES;
				GCC_C_LANGUAGE_STANDARD = gnu11;
				GCC_NO_COMMON_BLOCKS = YES;
				GCC_WARN_64_TO_32_BIT_CONVERSION = YES;
				GCC_WARN_ABOUT_RETURN_TYPE = YES_ERROR;
				GCC_WARN_UNDECLARED_SELECTOR = YES;
				GCC_WARN_UNINITIALIZED_AUTOS = YES_AGGRESSIVE;
				GCC_WARN_UNUSED_FUNCTION = YES;
				GCC_WARN_UNUSED_VARIABLE = YES;
				MACOSX_DEPLOYMENT_TARGET = 10.13;
				MTL_ENABLE_DEBUG_INFO = NO;
				MTL_FAST_MATH = YES;
				SDKROOT = macosx;
			};
			name = Release;
		};
		493FF13B22B2EBC600B33EDC /* Debug */ = {
			isa = XCBuildConfiguration;
			buildSettings = {
				CODE_SIGN_STYLE = Automatic;
				PRODUCT_NAME = "$(TARGET_NAME)";
			};
			name = Debug;
		};
		493FF13C22B2EBC600B33EDC /* Release */ = {
			isa = XCBuildConfiguration;
			buildSettings = {
				CODE_SIGN_STYLE = Automatic;
				PRODUCT_NAME = "$(TARGET_NAME)";
			};
			name = Release;
		};
/* End XCBuildConfiguration section */

/* Begin XCConfigurationList section */
		493FF12E22B2EBC600B33EDC /* Build configuration list for PBXProject "iot-blockchain" */ = {
			isa = XCConfigurationList;
			buildConfigurations = (
				493FF13822B2EBC600B33EDC /* Debug */,
				493FF13922B2EBC600B33EDC /* Release */,
			);
			defaultConfigurationIsVisible = 0;
			defaultConfigurationName = Release;
		};
		493FF13A22B2EBC600B33EDC /* Build configuration list for PBXNativeTarget "iot-blockchain" */ = {
			isa = XCConfigurationList;
			buildConfigurations = (
				493FF13B22B2EBC600B33EDC /* Debug */,
				493FF13C22B2EBC600B33EDC /* Release */,
			);
			defaultConfigurationIsVisible = 0;
			defaultConfigurationName = Release;
		};
/* End XCConfigurationList section */
	};
	rootObject = 493FF12B22B2EBC600B33EDC /* Project object */;
}
